// !$*UTF8*$!
{
	archiveVersion = 1;
	classes = {
	};
	objectVersion = 46;
	objects = {

/* Begin PBXBuildFile section */
		104259D9FD644BEC04A620C6 /* libPods-AudioHack iOS ElementsTests.a in Frameworks */ = {isa = PBXBuildFile; fileRef = 0A30145754885241F8637781 /* libPods-AudioHack iOS ElementsTests.a */; };
		BB003FDB39689E07A7A8252F /* libPods.a in Frameworks */ = {isa = PBXBuildFile; fileRef = 4E6E22CE3A4C1E039F6CE369 /* libPods.a */; };
		D323B1861BA8C09400AEEA5D /* main.m in Sources */ = {isa = PBXBuildFile; fileRef = D323B1851BA8C09400AEEA5D /* main.m */; };
		D323B1891BA8C09400AEEA5D /* AppDelegate.m in Sources */ = {isa = PBXBuildFile; fileRef = D323B1881BA8C09400AEEA5D /* AppDelegate.m */; };
		D323B1921BA8C09400AEEA5D /* Main.storyboard in Resources */ = {isa = PBXBuildFile; fileRef = D323B1901BA8C09400AEEA5D /* Main.storyboard */; };
		D323B1941BA8C09400AEEA5D /* Images.xcassets in Resources */ = {isa = PBXBuildFile; fileRef = D323B1931BA8C09400AEEA5D /* Images.xcassets */; };
		D323B1971BA8C09400AEEA5D /* LaunchScreen.xib in Resources */ = {isa = PBXBuildFile; fileRef = D323B1951BA8C09400AEEA5D /* LaunchScreen.xib */; };
		D323B1A31BA8C09400AEEA5D /* AudioHack_iOS_ElementsTests.m in Sources */ = {isa = PBXBuildFile; fileRef = D323B1A21BA8C09400AEEA5D /* AudioHack_iOS_ElementsTests.m */; };
		D323B1AE1BA8C21200AEEA5D /* HomeViewController.m in Sources */ = {isa = PBXBuildFile; fileRef = D323B1AD1BA8C21200AEEA5D /* HomeViewController.m */; };
		D323B1B51BA8C3D800AEEA5D /* PodcastsViewController.m in Sources */ = {isa = PBXBuildFile; fileRef = D323B1B41BA8C3D800AEEA5D /* PodcastsViewController.m */; };
		D323B1B81BA8C6AE00AEEA5D /* ShowsViewController.m in Sources */ = {isa = PBXBuildFile; fileRef = D323B1B71BA8C6AE00AEEA5D /* ShowsViewController.m */; };
		D3802CB51BAB9075007E6213 /* PodcastManager.m in Sources */ = {isa = PBXBuildFile; fileRef = D3802CB41BAB9075007E6213 /* PodcastManager.m */; settings = {ASSET_TAGS = (); }; };
		D3802CBA1BAB9399007E6213 /* Realm.framework in Frameworks */ = {isa = PBXBuildFile; fileRef = D3CAD9BF1BAB561100839CC8 /* Realm.framework */; };
		D3802CBD1BABA2F4007E6213 /* DefaultsHelper.m in Sources */ = {isa = PBXBuildFile; fileRef = D3802CBC1BABA2F4007E6213 /* DefaultsHelper.m */; settings = {ASSET_TAGS = (); }; };
		D3802CC01BABBC43007E6213 /* ShowViewController.m in Sources */ = {isa = PBXBuildFile; fileRef = D3802CBF1BABBC43007E6213 /* ShowViewController.m */; settings = {ASSET_TAGS = (); }; };
		D3CAD9BB1BAB516B00839CC8 /* Podcast.m in Sources */ = {isa = PBXBuildFile; fileRef = D3CAD9BA1BAB516B00839CC8 /* Podcast.m */; settings = {ASSET_TAGS = (); }; };
		D3CAD9BE1BAB519400839CC8 /* Show.m in Sources */ = {isa = PBXBuildFile; fileRef = D3CAD9BD1BAB519400839CC8 /* Show.m */; settings = {ASSET_TAGS = (); }; };
		D3CAD9C21BAB562900839CC8 /* libc++.tbd in Frameworks */ = {isa = PBXBuildFile; fileRef = D3CAD9C11BAB562900839CC8 /* libc++.tbd */; };
		D3DA94391BAB5E83006F056A /* SearchViewController.m in Sources */ = {isa = PBXBuildFile; fileRef = D3DA94381BAB5E83006F056A /* SearchViewController.m */; settings = {ASSET_TAGS = (); }; };
		D3DCC16F1BAA05BB005FC133 /* AFHTTPRequestSerializer+OAuth2.m in Sources */ = {isa = PBXBuildFile; fileRef = D3DCC16C1BAA05BB005FC133 /* AFHTTPRequestSerializer+OAuth2.m */; };
		D3DCC1701BAA05BB005FC133 /* AFOAuth2Manager.m in Sources */ = {isa = PBXBuildFile; fileRef = D3DCC16E1BAA05BB005FC133 /* AFOAuth2Manager.m */; };
		F6D502808AEF1457C04118A7 /* libPods-AudioHack iOS Elements.a in Frameworks */ = {isa = PBXBuildFile; fileRef = E87F3A96EECB89A5AC366CD2 /* libPods-AudioHack iOS Elements.a */; };
/* End PBXBuildFile section */

/* Begin PBXContainerItemProxy section */
		D323B19D1BA8C09400AEEA5D /* PBXContainerItemProxy */ = {
			isa = PBXContainerItemProxy;
			containerPortal = D323B1781BA8C09400AEEA5D /* Project object */;
			proxyType = 1;
			remoteGlobalIDString = D323B17F1BA8C09400AEEA5D;
			remoteInfo = "AudioHack iOS Elements";
		};
/* End PBXContainerItemProxy section */

/* Begin PBXFileReference section */
		0A30145754885241F8637781 /* libPods-AudioHack iOS ElementsTests.a */ = {isa = PBXFileReference; explicitFileType = archive.ar; includeInIndex = 0; path = "libPods-AudioHack iOS ElementsTests.a"; sourceTree = BUILT_PRODUCTS_DIR; };
		40F81F0A18B722C574E77E06 /* Pods-AudioHack iOS ElementsTests.release.xcconfig */ = {isa = PBXFileReference; includeInIndex = 1; lastKnownFileType = text.xcconfig; name = "Pods-AudioHack iOS ElementsTests.release.xcconfig"; path = "Pods/Target Support Files/Pods-AudioHack iOS ElementsTests/Pods-AudioHack iOS ElementsTests.release.xcconfig"; sourceTree = "<group>"; };
		4E6E22CE3A4C1E039F6CE369 /* libPods.a */ = {isa = PBXFileReference; explicitFileType = archive.ar; includeInIndex = 0; path = libPods.a; sourceTree = BUILT_PRODUCTS_DIR; };
		4FE7E134959BFB97667842C9 /* Pods.debug.xcconfig */ = {isa = PBXFileReference; includeInIndex = 1; lastKnownFileType = text.xcconfig; name = Pods.debug.xcconfig; path = "Pods/Target Support Files/Pods/Pods.debug.xcconfig"; sourceTree = "<group>"; };
		A752D726D2CF9D7E873E379F /* Pods-AudioHack iOS ElementsTests.debug.xcconfig */ = {isa = PBXFileReference; includeInIndex = 1; lastKnownFileType = text.xcconfig; name = "Pods-AudioHack iOS ElementsTests.debug.xcconfig"; path = "Pods/Target Support Files/Pods-AudioHack iOS ElementsTests/Pods-AudioHack iOS ElementsTests.debug.xcconfig"; sourceTree = "<group>"; };
		D323B1801BA8C09400AEEA5D /* AudioHack iOS Elements.app */ = {isa = PBXFileReference; explicitFileType = wrapper.application; includeInIndex = 0; path = "AudioHack iOS Elements.app"; sourceTree = BUILT_PRODUCTS_DIR; };
		D323B1841BA8C09400AEEA5D /* Info.plist */ = {isa = PBXFileReference; lastKnownFileType = text.plist.xml; path = Info.plist; sourceTree = "<group>"; };
		D323B1851BA8C09400AEEA5D /* main.m */ = {isa = PBXFileReference; lastKnownFileType = sourcecode.c.objc; path = main.m; sourceTree = "<group>"; };
		D323B1871BA8C09400AEEA5D /* AppDelegate.h */ = {isa = PBXFileReference; lastKnownFileType = sourcecode.c.h; path = AppDelegate.h; sourceTree = "<group>"; };
		D323B1881BA8C09400AEEA5D /* AppDelegate.m */ = {isa = PBXFileReference; lastKnownFileType = sourcecode.c.objc; path = AppDelegate.m; sourceTree = "<group>"; };
		D323B1911BA8C09400AEEA5D /* Base */ = {isa = PBXFileReference; lastKnownFileType = file.storyboard; name = Base; path = Base.lproj/Main.storyboard; sourceTree = "<group>"; };
		D323B1931BA8C09400AEEA5D /* Images.xcassets */ = {isa = PBXFileReference; lastKnownFileType = folder.assetcatalog; path = Images.xcassets; sourceTree = "<group>"; };
		D323B1961BA8C09400AEEA5D /* Base */ = {isa = PBXFileReference; lastKnownFileType = file.xib; name = Base; path = Base.lproj/LaunchScreen.xib; sourceTree = "<group>"; };
		D323B19C1BA8C09400AEEA5D /* AudioHack iOS ElementsTests.xctest */ = {isa = PBXFileReference; explicitFileType = wrapper.cfbundle; includeInIndex = 0; path = "AudioHack iOS ElementsTests.xctest"; sourceTree = BUILT_PRODUCTS_DIR; };
		D323B1A11BA8C09400AEEA5D /* Info.plist */ = {isa = PBXFileReference; lastKnownFileType = text.plist.xml; path = Info.plist; sourceTree = "<group>"; };
		D323B1A21BA8C09400AEEA5D /* AudioHack_iOS_ElementsTests.m */ = {isa = PBXFileReference; lastKnownFileType = sourcecode.c.objc; path = AudioHack_iOS_ElementsTests.m; sourceTree = "<group>"; };
		D323B1AC1BA8C21200AEEA5D /* HomeViewController.h */ = {isa = PBXFileReference; fileEncoding = 4; lastKnownFileType = sourcecode.c.h; path = HomeViewController.h; sourceTree = "<group>"; };
		D323B1AD1BA8C21200AEEA5D /* HomeViewController.m */ = {isa = PBXFileReference; fileEncoding = 4; lastKnownFileType = sourcecode.c.objc; path = HomeViewController.m; sourceTree = "<group>"; };
		D323B1B31BA8C3D800AEEA5D /* PodcastsViewController.h */ = {isa = PBXFileReference; fileEncoding = 4; lastKnownFileType = sourcecode.c.h; path = PodcastsViewController.h; sourceTree = "<group>"; };
		D323B1B41BA8C3D800AEEA5D /* PodcastsViewController.m */ = {isa = PBXFileReference; fileEncoding = 4; lastKnownFileType = sourcecode.c.objc; path = PodcastsViewController.m; sourceTree = "<group>"; };
		D323B1B61BA8C6AE00AEEA5D /* ShowsViewController.h */ = {isa = PBXFileReference; fileEncoding = 4; lastKnownFileType = sourcecode.c.h; path = ShowsViewController.h; sourceTree = "<group>"; };
		D323B1B71BA8C6AE00AEEA5D /* ShowsViewController.m */ = {isa = PBXFileReference; fileEncoding = 4; lastKnownFileType = sourcecode.c.objc; path = ShowsViewController.m; sourceTree = "<group>"; };
		D34EEEE51BAB3DC700A56BF5 /* libc++.dylib */ = {isa = PBXFileReference; lastKnownFileType = "compiled.mach-o.dylib"; name = "libc++.dylib"; path = "usr/lib/libc++.dylib"; sourceTree = SDKROOT; };
		D3802CB31BAB9075007E6213 /* PodcastManager.h */ = {isa = PBXFileReference; fileEncoding = 4; lastKnownFileType = sourcecode.c.h; path = PodcastManager.h; sourceTree = "<group>"; };
		D3802CB41BAB9075007E6213 /* PodcastManager.m */ = {isa = PBXFileReference; fileEncoding = 4; lastKnownFileType = sourcecode.c.objc; path = PodcastManager.m; sourceTree = "<group>"; };
		D3802CBB1BABA2F4007E6213 /* DefaultsHelper.h */ = {isa = PBXFileReference; fileEncoding = 4; lastKnownFileType = sourcecode.c.h; path = DefaultsHelper.h; sourceTree = "<group>"; };
		D3802CBC1BABA2F4007E6213 /* DefaultsHelper.m */ = {isa = PBXFileReference; fileEncoding = 4; lastKnownFileType = sourcecode.c.objc; path = DefaultsHelper.m; sourceTree = "<group>"; };
		D3802CBE1BABBC43007E6213 /* ShowViewController.h */ = {isa = PBXFileReference; fileEncoding = 4; lastKnownFileType = sourcecode.c.h; path = ShowViewController.h; sourceTree = "<group>"; };
		D3802CBF1BABBC43007E6213 /* ShowViewController.m */ = {isa = PBXFileReference; fileEncoding = 4; lastKnownFileType = sourcecode.c.objc; path = ShowViewController.m; sourceTree = "<group>"; };
		D3CAD9B91BAB516B00839CC8 /* Podcast.h */ = {isa = PBXFileReference; fileEncoding = 4; lastKnownFileType = sourcecode.c.h; path = Podcast.h; sourceTree = "<group>"; };
		D3CAD9BA1BAB516B00839CC8 /* Podcast.m */ = {isa = PBXFileReference; fileEncoding = 4; lastKnownFileType = sourcecode.c.objc; path = Podcast.m; sourceTree = "<group>"; };
		D3CAD9BC1BAB519400839CC8 /* Show.h */ = {isa = PBXFileReference; fileEncoding = 4; lastKnownFileType = sourcecode.c.h; path = Show.h; sourceTree = "<group>"; };
		D3CAD9BD1BAB519400839CC8 /* Show.m */ = {isa = PBXFileReference; fileEncoding = 4; lastKnownFileType = sourcecode.c.objc; path = Show.m; sourceTree = "<group>"; };
		D3CAD9BF1BAB561100839CC8 /* Realm.framework */ = {isa = PBXFileReference; lastKnownFileType = wrapper.framework; path = Realm.framework; sourceTree = "<group>"; };
		D3CAD9C11BAB562900839CC8 /* libc++.tbd */ = {isa = PBXFileReference; lastKnownFileType = "sourcecode.text-based-dylib-definition"; name = "libc++.tbd"; path = "usr/lib/libc++.tbd"; sourceTree = SDKROOT; };
		D3DA94371BAB5E83006F056A /* SearchViewController.h */ = {isa = PBXFileReference; fileEncoding = 4; lastKnownFileType = sourcecode.c.h; path = SearchViewController.h; sourceTree = "<group>"; };
		D3DA94381BAB5E83006F056A /* SearchViewController.m */ = {isa = PBXFileReference; fileEncoding = 4; lastKnownFileType = sourcecode.c.objc; path = SearchViewController.m; sourceTree = "<group>"; };
		D3DCC16B1BAA05BB005FC133 /* AFHTTPRequestSerializer+OAuth2.h */ = {isa = PBXFileReference; fileEncoding = 4; lastKnownFileType = sourcecode.c.h; path = "AFHTTPRequestSerializer+OAuth2.h"; sourceTree = "<group>"; };
		D3DCC16C1BAA05BB005FC133 /* AFHTTPRequestSerializer+OAuth2.m */ = {isa = PBXFileReference; fileEncoding = 4; lastKnownFileType = sourcecode.c.objc; path = "AFHTTPRequestSerializer+OAuth2.m"; sourceTree = "<group>"; };
		D3DCC16D1BAA05BB005FC133 /* AFOAuth2Manager.h */ = {isa = PBXFileReference; fileEncoding = 4; lastKnownFileType = sourcecode.c.h; path = AFOAuth2Manager.h; sourceTree = "<group>"; };
		D3DCC16E1BAA05BB005FC133 /* AFOAuth2Manager.m */ = {isa = PBXFileReference; fileEncoding = 4; lastKnownFileType = sourcecode.c.objc; path = AFOAuth2Manager.m; sourceTree = "<group>"; };
		E404884EEF3E287B55439123 /* Pods.release.xcconfig */ = {isa = PBXFileReference; includeInIndex = 1; lastKnownFileType = text.xcconfig; name = Pods.release.xcconfig; path = "Pods/Target Support Files/Pods/Pods.release.xcconfig"; sourceTree = "<group>"; };
		E87F3A96EECB89A5AC366CD2 /* libPods-AudioHack iOS Elements.a */ = {isa = PBXFileReference; explicitFileType = archive.ar; includeInIndex = 0; path = "libPods-AudioHack iOS Elements.a"; sourceTree = BUILT_PRODUCTS_DIR; };
/* End PBXFileReference section */

/* Begin PBXFrameworksBuildPhase section */
		D323B17D1BA8C09400AEEA5D /* Frameworks */ = {
			isa = PBXFrameworksBuildPhase;
			buildActionMask = 2147483647;
			files = (
				D3802CBA1BAB9399007E6213 /* Realm.framework in Frameworks */,
				D3CAD9C21BAB562900839CC8 /* libc++.tbd in Frameworks */,
				BB003FDB39689E07A7A8252F /* libPods.a in Frameworks */,
				F6D502808AEF1457C04118A7 /* libPods-AudioHack iOS Elements.a in Frameworks */,
			);
			runOnlyForDeploymentPostprocessing = 0;
		};
		D323B1991BA8C09400AEEA5D /* Frameworks */ = {
			isa = PBXFrameworksBuildPhase;
			buildActionMask = 2147483647;
			files = (
				104259D9FD644BEC04A620C6 /* libPods-AudioHack iOS ElementsTests.a in Frameworks */,
			);
			runOnlyForDeploymentPostprocessing = 0;
		};
/* End PBXFrameworksBuildPhase section */

/* Begin PBXGroup section */
		0FC5EE4393C48886DFB3EABE /* Pods */ = {
			isa = PBXGroup;
			children = (
				4FE7E134959BFB97667842C9 /* Pods.debug.xcconfig */,
				E404884EEF3E287B55439123 /* Pods.release.xcconfig */,
				A752D726D2CF9D7E873E379F /* Pods-AudioHack iOS ElementsTests.debug.xcconfig */,
				40F81F0A18B722C574E77E06 /* Pods-AudioHack iOS ElementsTests.release.xcconfig */,
			);
			name = Pods;
			sourceTree = "<group>";
		};
		3B4C7F91313140D07400F4C7 /* Frameworks */ = {
			isa = PBXGroup;
			children = (
				D3CAD9C11BAB562900839CC8 /* libc++.tbd */,
				D34EEEE51BAB3DC700A56BF5 /* libc++.dylib */,
				4E6E22CE3A4C1E039F6CE369 /* libPods.a */,
				E87F3A96EECB89A5AC366CD2 /* libPods-AudioHack iOS Elements.a */,
				0A30145754885241F8637781 /* libPods-AudioHack iOS ElementsTests.a */,
			);
			name = Frameworks;
			sourceTree = "<group>";
		};
		D323B1771BA8C09400AEEA5D = {
			isa = PBXGroup;
			children = (
				D323B1821BA8C09400AEEA5D /* AudioHack iOS Elements */,
				D323B19F1BA8C09400AEEA5D /* AudioHack iOS ElementsTests */,
				D323B1811BA8C09400AEEA5D /* Products */,
				0FC5EE4393C48886DFB3EABE /* Pods */,
				3B4C7F91313140D07400F4C7 /* Frameworks */,
			);
			sourceTree = "<group>";
		};
		D323B1811BA8C09400AEEA5D /* Products */ = {
			isa = PBXGroup;
			children = (
				D323B1801BA8C09400AEEA5D /* AudioHack iOS Elements.app */,
				D323B19C1BA8C09400AEEA5D /* AudioHack iOS ElementsTests.xctest */,
			);
			name = Products;
			sourceTree = "<group>";
		};
		D323B1821BA8C09400AEEA5D /* AudioHack iOS Elements */ = {
			isa = PBXGroup;
			children = (
				D323B1871BA8C09400AEEA5D /* AppDelegate.h */,
				D323B1881BA8C09400AEEA5D /* AppDelegate.m */,
				D3802CB91BAB9114007E6213 /* Helpers */,
				D3802CB81BAB910A007E6213 /* Model */,
				D323B1AF1BA8C22500AEEA5D /* VCs */,
				D323B1901BA8C09400AEEA5D /* Main.storyboard */,
				D323B1931BA8C09400AEEA5D /* Images.xcassets */,
				D323B1951BA8C09400AEEA5D /* LaunchScreen.xib */,
				D3802CB61BAB9099007E6213 /* Dependencies */,
				D323B1831BA8C09400AEEA5D /* Supporting Files */,
			);
			path = "AudioHack iOS Elements";
			sourceTree = "<group>";
		};
		D323B1831BA8C09400AEEA5D /* Supporting Files */ = {
			isa = PBXGroup;
			children = (
				D323B1841BA8C09400AEEA5D /* Info.plist */,
				D323B1851BA8C09400AEEA5D /* main.m */,
			);
			name = "Supporting Files";
			sourceTree = "<group>";
		};
		D323B19F1BA8C09400AEEA5D /* AudioHack iOS ElementsTests */ = {
			isa = PBXGroup;
			children = (
				D323B1A21BA8C09400AEEA5D /* AudioHack_iOS_ElementsTests.m */,
				D323B1A01BA8C09400AEEA5D /* Supporting Files */,
			);
			path = "AudioHack iOS ElementsTests";
			sourceTree = "<group>";
		};
		D323B1A01BA8C09400AEEA5D /* Supporting Files */ = {
			isa = PBXGroup;
			children = (
				D323B1A11BA8C09400AEEA5D /* Info.plist */,
			);
			name = "Supporting Files";
			sourceTree = "<group>";
		};
		D323B1AF1BA8C22500AEEA5D /* VCs */ = {
			isa = PBXGroup;
			children = (
				D323B1AC1BA8C21200AEEA5D /* HomeViewController.h */,
				D323B1AD1BA8C21200AEEA5D /* HomeViewController.m */,
				D323B1B31BA8C3D800AEEA5D /* PodcastsViewController.h */,
				D323B1B41BA8C3D800AEEA5D /* PodcastsViewController.m */,
				D323B1B61BA8C6AE00AEEA5D /* ShowsViewController.h */,
				D323B1B71BA8C6AE00AEEA5D /* ShowsViewController.m */,
				D3DA94371BAB5E83006F056A /* SearchViewController.h */,
				D3DA94381BAB5E83006F056A /* SearchViewController.m */,
				D3802CBE1BABBC43007E6213 /* ShowViewController.h */,
				D3802CBF1BABBC43007E6213 /* ShowViewController.m */,
			);
			name = VCs;
			sourceTree = "<group>";
		};
		D3802CB61BAB9099007E6213 /* Dependencies */ = {
			isa = PBXGroup;
			children = (
				D3CAD9BF1BAB561100839CC8 /* Realm.framework */,
				D3802CB71BAB90BD007E6213 /* AFOAuth2Manager */,
			);
			name = Dependencies;
			sourceTree = "<group>";
		};
		D3802CB71BAB90BD007E6213 /* AFOAuth2Manager */ = {
			isa = PBXGroup;
			children = (
				D3DCC16B1BAA05BB005FC133 /* AFHTTPRequestSerializer+OAuth2.h */,
				D3DCC16C1BAA05BB005FC133 /* AFHTTPRequestSerializer+OAuth2.m */,
				D3DCC16D1BAA05BB005FC133 /* AFOAuth2Manager.h */,
				D3DCC16E1BAA05BB005FC133 /* AFOAuth2Manager.m */,
			);
			name = AFOAuth2Manager;
			sourceTree = "<group>";
		};
		D3802CB81BAB910A007E6213 /* Model */ = {
			isa = PBXGroup;
			children = (
				D3CAD9B91BAB516B00839CC8 /* Podcast.h */,
				D3CAD9BA1BAB516B00839CC8 /* Podcast.m */,
				D3CAD9BC1BAB519400839CC8 /* Show.h */,
				D3CAD9BD1BAB519400839CC8 /* Show.m */,
			);
			name = Model;
			sourceTree = "<group>";
		};
		D3802CB91BAB9114007E6213 /* Helpers */ = {
			isa = PBXGroup;
			children = (
				D3802CB31BAB9075007E6213 /* PodcastManager.h */,
				D3802CB41BAB9075007E6213 /* PodcastManager.m */,
				D3802CBB1BABA2F4007E6213 /* DefaultsHelper.h */,
				D3802CBC1BABA2F4007E6213 /* DefaultsHelper.m */,
			);
			name = Helpers;
			sourceTree = "<group>";
		};
/* End PBXGroup section */

/* Begin PBXNativeTarget section */
		D323B17F1BA8C09400AEEA5D /* AudioHack iOS Elements */ = {
			isa = PBXNativeTarget;
			buildConfigurationList = D323B1A61BA8C09400AEEA5D /* Build configuration list for PBXNativeTarget "AudioHack iOS Elements" */;
			buildPhases = (
				9E0D2EDC342431851D44B244 /* Check Pods Manifest.lock */,
				D323B17C1BA8C09400AEEA5D /* Sources */,
				D323B17D1BA8C09400AEEA5D /* Frameworks */,
				D323B17E1BA8C09400AEEA5D /* Resources */,
				EF683BF1FB644F12BF3C0752 /* Copy Pods Resources */,
			);
			buildRules = (
			);
			dependencies = (
			);
			name = "AudioHack iOS Elements";
			productName = "AudioHack iOS Elements";
			productReference = D323B1801BA8C09400AEEA5D /* AudioHack iOS Elements.app */;
			productType = "com.apple.product-type.application";
		};
		D323B19B1BA8C09400AEEA5D /* AudioHack iOS ElementsTests */ = {
			isa = PBXNativeTarget;
			buildConfigurationList = D323B1A91BA8C09400AEEA5D /* Build configuration list for PBXNativeTarget "AudioHack iOS ElementsTests" */;
			buildPhases = (
				DE9504F1F364534291333114 /* Check Pods Manifest.lock */,
				D323B1981BA8C09400AEEA5D /* Sources */,
				D323B1991BA8C09400AEEA5D /* Frameworks */,
				D323B19A1BA8C09400AEEA5D /* Resources */,
				24B1E1256C93695F3761689B /* Copy Pods Resources */,
			);
			buildRules = (
			);
			dependencies = (
				D323B19E1BA8C09400AEEA5D /* PBXTargetDependency */,
			);
			name = "AudioHack iOS ElementsTests";
			productName = "AudioHack iOS ElementsTests";
			productReference = D323B19C1BA8C09400AEEA5D /* AudioHack iOS ElementsTests.xctest */;
			productType = "com.apple.product-type.bundle.unit-test";
		};
/* End PBXNativeTarget section */

/* Begin PBXProject section */
		D323B1781BA8C09400AEEA5D /* Project object */ = {
			isa = PBXProject;
			attributes = {
				LastUpgradeCheck = 0640;
				ORGANIZATIONNAME = "Zach Whelchel";
				TargetAttributes = {
					D323B17F1BA8C09400AEEA5D = {
						CreatedOnToolsVersion = 6.4;
					};
					D323B19B1BA8C09400AEEA5D = {
						CreatedOnToolsVersion = 6.4;
						TestTargetID = D323B17F1BA8C09400AEEA5D;
					};
				};
			};
			buildConfigurationList = D323B17B1BA8C09400AEEA5D /* Build configuration list for PBXProject "AudioHack iOS Elements" */;
			compatibilityVersion = "Xcode 3.2";
			developmentRegion = English;
			hasScannedForEncodings = 0;
			knownRegions = (
				en,
				Base,
			);
			mainGroup = D323B1771BA8C09400AEEA5D;
			productRefGroup = D323B1811BA8C09400AEEA5D /* Products */;
			projectDirPath = "";
			projectRoot = "";
			targets = (
				D323B17F1BA8C09400AEEA5D /* AudioHack iOS Elements */,
				D323B19B1BA8C09400AEEA5D /* AudioHack iOS ElementsTests */,
			);
		};
/* End PBXProject section */

/* Begin PBXResourcesBuildPhase section */
		D323B17E1BA8C09400AEEA5D /* Resources */ = {
			isa = PBXResourcesBuildPhase;
			buildActionMask = 2147483647;
			files = (
				D323B1921BA8C09400AEEA5D /* Main.storyboard in Resources */,
				D323B1971BA8C09400AEEA5D /* LaunchScreen.xib in Resources */,
				D323B1941BA8C09400AEEA5D /* Images.xcassets in Resources */,
			);
			runOnlyForDeploymentPostprocessing = 0;
		};
		D323B19A1BA8C09400AEEA5D /* Resources */ = {
			isa = PBXResourcesBuildPhase;
			buildActionMask = 2147483647;
			files = (
			);
			runOnlyForDeploymentPostprocessing = 0;
		};
/* End PBXResourcesBuildPhase section */

/* Begin PBXShellScriptBuildPhase section */
		24B1E1256C93695F3761689B /* Copy Pods Resources */ = {
			isa = PBXShellScriptBuildPhase;
			buildActionMask = 2147483647;
			files = (
			);
			inputPaths = (
			);
			name = "Copy Pods Resources";
			outputPaths = (
			);
			runOnlyForDeploymentPostprocessing = 0;
			shellPath = /bin/sh;
			shellScript = "\"${SRCROOT}/Pods/Target Support Files/Pods-AudioHack iOS ElementsTests/Pods-AudioHack iOS ElementsTests-resources.sh\"\n";
			showEnvVarsInLog = 0;
		};
		9E0D2EDC342431851D44B244 /* Check Pods Manifest.lock */ = {
			isa = PBXShellScriptBuildPhase;
			buildActionMask = 2147483647;
			files = (
			);
			inputPaths = (
			);
			name = "Check Pods Manifest.lock";
			outputPaths = (
			);
			runOnlyForDeploymentPostprocessing = 0;
			shellPath = /bin/sh;
			shellScript = "diff \"${PODS_ROOT}/../Podfile.lock\" \"${PODS_ROOT}/Manifest.lock\" > /dev/null\nif [[ $? != 0 ]] ; then\n    cat << EOM\nerror: The sandbox is not in sync with the Podfile.lock. Run 'pod install' or update your CocoaPods installation.\nEOM\n    exit 1\nfi\n";
			showEnvVarsInLog = 0;
		};
		DE9504F1F364534291333114 /* Check Pods Manifest.lock */ = {
			isa = PBXShellScriptBuildPhase;
			buildActionMask = 2147483647;
			files = (
			);
			inputPaths = (
			);
			name = "Check Pods Manifest.lock";
			outputPaths = (
			);
			runOnlyForDeploymentPostprocessing = 0;
			shellPath = /bin/sh;
			shellScript = "diff \"${PODS_ROOT}/../Podfile.lock\" \"${PODS_ROOT}/Manifest.lock\" > /dev/null\nif [[ $? != 0 ]] ; then\n    cat << EOM\nerror: The sandbox is not in sync with the Podfile.lock. Run 'pod install' or update your CocoaPods installation.\nEOM\n    exit 1\nfi\n";
			showEnvVarsInLog = 0;
		};
		EF683BF1FB644F12BF3C0752 /* Copy Pods Resources */ = {
			isa = PBXShellScriptBuildPhase;
			buildActionMask = 2147483647;
			files = (
			);
			inputPaths = (
			);
			name = "Copy Pods Resources";
			outputPaths = (
			);
			runOnlyForDeploymentPostprocessing = 0;
			shellPath = /bin/sh;
			shellScript = "\"${SRCROOT}/Pods/Target Support Files/Pods-AudioHack iOS Elements/Pods-AudioHack iOS Elements-resources.sh\"\n";
			showEnvVarsInLog = 0;
		};
/* End PBXShellScriptBuildPhase section */

/* Begin PBXSourcesBuildPhase section */
		D323B17C1BA8C09400AEEA5D /* Sources */ = {
			isa = PBXSourcesBuildPhase;
			buildActionMask = 2147483647;
			files = (
				D3CAD9BE1BAB519400839CC8 /* Show.m in Sources */,
				D323B1891BA8C09400AEEA5D /* AppDelegate.m in Sources */,
				D323B1861BA8C09400AEEA5D /* main.m in Sources */,
				D3CAD9BB1BAB516B00839CC8 /* Podcast.m in Sources */,
				D323B1B51BA8C3D800AEEA5D /* PodcastsViewController.m in Sources */,
				D323B1B81BA8C6AE00AEEA5D /* ShowsViewController.m in Sources */,
				D3DCC16F1BAA05BB005FC133 /* AFHTTPRequestSerializer+OAuth2.m in Sources */,
				D3802CB51BAB9075007E6213 /* PodcastManager.m in Sources */,
				D3DA94391BAB5E83006F056A /* SearchViewController.m in Sources */,
				D3DCC1701BAA05BB005FC133 /* AFOAuth2Manager.m in Sources */,
				D323B1AE1BA8C21200AEEA5D /* HomeViewController.m in Sources */,
				D3802CC01BABBC43007E6213 /* ShowViewController.m in Sources */,
				D3802CBD1BABA2F4007E6213 /* DefaultsHelper.m in Sources */,
			);
			runOnlyForDeploymentPostprocessing = 0;
		};
		D323B1981BA8C09400AEEA5D /* Sources */ = {
			isa = PBXSourcesBuildPhase;
			buildActionMask = 2147483647;
			files = (
				D323B1A31BA8C09400AEEA5D /* AudioHack_iOS_ElementsTests.m in Sources */,
			);
			runOnlyForDeploymentPostprocessing = 0;
		};
/* End PBXSourcesBuildPhase section */

/* Begin PBXTargetDependency section */
		D323B19E1BA8C09400AEEA5D /* PBXTargetDependency */ = {
			isa = PBXTargetDependency;
			target = D323B17F1BA8C09400AEEA5D /* AudioHack iOS Elements */;
			targetProxy = D323B19D1BA8C09400AEEA5D /* PBXContainerItemProxy */;
		};
/* End PBXTargetDependency section */

/* Begin PBXVariantGroup section */
		D323B1901BA8C09400AEEA5D /* Main.storyboard */ = {
			isa = PBXVariantGroup;
			children = (
				D323B1911BA8C09400AEEA5D /* Base */,
			);
			name = Main.storyboard;
			sourceTree = "<group>";
		};
		D323B1951BA8C09400AEEA5D /* LaunchScreen.xib */ = {
			isa = PBXVariantGroup;
			children = (
				D323B1961BA8C09400AEEA5D /* Base */,
			);
			name = LaunchScreen.xib;
			sourceTree = "<group>";
		};
/* End PBXVariantGroup section */

/* Begin XCBuildConfiguration section */
		D323B1A41BA8C09400AEEA5D /* Debug */ = {
			isa = XCBuildConfiguration;
			buildSettings = {
				ALWAYS_SEARCH_USER_PATHS = NO;
				CLANG_CXX_LANGUAGE_STANDARD = "gnu++0x";
				CLANG_CXX_LIBRARY = "libc++";
				CLANG_ENABLE_MODULES = YES;
				CLANG_ENABLE_OBJC_ARC = YES;
				CLANG_WARN_BOOL_CONVERSION = YES;
				CLANG_WARN_CONSTANT_CONVERSION = YES;
				CLANG_WARN_DIRECT_OBJC_ISA_USAGE = YES_ERROR;
				CLANG_WARN_EMPTY_BODY = YES;
				CLANG_WARN_ENUM_CONVERSION = YES;
				CLANG_WARN_INT_CONVERSION = YES;
				CLANG_WARN_OBJC_ROOT_CLASS = YES_ERROR;
				CLANG_WARN_UNREACHABLE_CODE = YES;
				CLANG_WARN__DUPLICATE_METHOD_MATCH = YES;
				"CODE_SIGN_IDENTITY[sdk=iphoneos*]" = "iPhone Developer";
				COPY_PHASE_STRIP = NO;
				DEBUG_INFORMATION_FORMAT = "dwarf-with-dsym";
				ENABLE_STRICT_OBJC_MSGSEND = YES;
				GCC_C_LANGUAGE_STANDARD = gnu99;
				GCC_DYNAMIC_NO_PIC = NO;
				GCC_NO_COMMON_BLOCKS = YES;
				GCC_OPTIMIZATION_LEVEL = 0;
				GCC_PREPROCESSOR_DEFINITIONS = (
					"DEBUG=1",
					"$(inherited)",
				);
				GCC_SYMBOLS_PRIVATE_EXTERN = NO;
				GCC_WARN_64_TO_32_BIT_CONVERSION = YES;
				GCC_WARN_ABOUT_RETURN_TYPE = YES_ERROR;
				GCC_WARN_UNDECLARED_SELECTOR = YES;
				GCC_WARN_UNINITIALIZED_AUTOS = YES_AGGRESSIVE;
				GCC_WARN_UNUSED_FUNCTION = YES;
				GCC_WARN_UNUSED_VARIABLE = YES;
				IPHONEOS_DEPLOYMENT_TARGET = 8.4;
				MTL_ENABLE_DEBUG_INFO = YES;
				ONLY_ACTIVE_ARCH = YES;
				SDKROOT = iphoneos;
			};
			name = Debug;
		};
		D323B1A51BA8C09400AEEA5D /* Release */ = {
			isa = XCBuildConfiguration;
			buildSettings = {
				ALWAYS_SEARCH_USER_PATHS = NO;
				CLANG_CXX_LANGUAGE_STANDARD = "gnu++0x";
				CLANG_CXX_LIBRARY = "libc++";
				CLANG_ENABLE_MODULES = YES;
				CLANG_ENABLE_OBJC_ARC = YES;
				CLANG_WARN_BOOL_CONVERSION = YES;
				CLANG_WARN_CONSTANT_CONVERSION = YES;
				CLANG_WARN_DIRECT_OBJC_ISA_USAGE = YES_ERROR;
				CLANG_WARN_EMPTY_BODY = YES;
				CLANG_WARN_ENUM_CONVERSION = YES;
				CLANG_WARN_INT_CONVERSION = YES;
				CLANG_WARN_OBJC_ROOT_CLASS = YES_ERROR;
				CLANG_WARN_UNREACHABLE_CODE = YES;
				CLANG_WARN__DUPLICATE_METHOD_MATCH = YES;
				"CODE_SIGN_IDENTITY[sdk=iphoneos*]" = "iPhone Developer";
				COPY_PHASE_STRIP = NO;
				DEBUG_INFORMATION_FORMAT = "dwarf-with-dsym";
				ENABLE_NS_ASSERTIONS = NO;
				ENABLE_STRICT_OBJC_MSGSEND = YES;
				GCC_C_LANGUAGE_STANDARD = gnu99;
				GCC_NO_COMMON_BLOCKS = YES;
				GCC_WARN_64_TO_32_BIT_CONVERSION = YES;
				GCC_WARN_ABOUT_RETURN_TYPE = YES_ERROR;
				GCC_WARN_UNDECLARED_SELECTOR = YES;
				GCC_WARN_UNINITIALIZED_AUTOS = YES_AGGRESSIVE;
				GCC_WARN_UNUSED_FUNCTION = YES;
				GCC_WARN_UNUSED_VARIABLE = YES;
				IPHONEOS_DEPLOYMENT_TARGET = 8.4;
				MTL_ENABLE_DEBUG_INFO = NO;
				SDKROOT = iphoneos;
				VALIDATE_PRODUCT = YES;
			};
			name = Release;
		};
		D323B1A71BA8C09400AEEA5D /* Debug */ = {
			isa = XCBuildConfiguration;
			baseConfigurationReference = 4FE7E134959BFB97667842C9 /* Pods.debug.xcconfig */;
			buildSettings = {
				ASSETCATALOG_COMPILER_APPICON_NAME = AppIcon;
				FRAMEWORK_SEARCH_PATHS = (
					"$(inherited)",
					"$(PROJECT_DIR)/AudioHack",
					iOS,
					Elements,
					"$(PROJECT_DIR)/AudioHack",
					iOS,
					Elements,
					"$(PROJECT_DIR)/AudioHack",
					iOS,
					Elements,
					"$(PROJECT_DIR)/AudioHack",
					iOS,
					Elements,
					"$(PROJECT_DIR)/AudioHack",
					iOS,
					Elements,
				);
				INFOPLIST_FILE = "AudioHack iOS Elements/Info.plist";
				LD_RUNPATH_SEARCH_PATHS = "$(inherited) @executable_path/Frameworks";
				PRODUCT_NAME = "$(TARGET_NAME)";
			};
			name = Debug;
		};
		D323B1A81BA8C09400AEEA5D /* Release */ = {
			isa = XCBuildConfiguration;
			baseConfigurationReference = E404884EEF3E287B55439123 /* Pods.release.xcconfig */;
			buildSettings = {
				ASSETCATALOG_COMPILER_APPICON_NAME = AppIcon;
				FRAMEWORK_SEARCH_PATHS = (
					"$(inherited)",
					"$(PROJECT_DIR)/AudioHack",
					iOS,
					Elements,
					"$(PROJECT_DIR)/AudioHack",
					iOS,
					Elements,
					"$(PROJECT_DIR)/AudioHack",
					iOS,
					Elements,
					"$(PROJECT_DIR)/AudioHack",
					iOS,
					Elements,
					"$(PROJECT_DIR)/AudioHack",
					iOS,
					Elements,
				);
				INFOPLIST_FILE = "AudioHack iOS Elements/Info.plist";
				LD_RUNPATH_SEARCH_PATHS = "$(inherited) @executable_path/Frameworks";
				PRODUCT_NAME = "$(TARGET_NAME)";
			};
			name = Release;
		};
		D323B1AA1BA8C09400AEEA5D /* Debug */ = {
			isa = XCBuildConfiguration;
			baseConfigurationReference = A752D726D2CF9D7E873E379F /* Pods-AudioHack iOS ElementsTests.debug.xcconfig */;
			buildSettings = {
				BUNDLE_LOADER = "$(TEST_HOST)";
				FRAMEWORK_SEARCH_PATHS = (
					"$(SDKROOT)/Developer/Library/Frameworks",
					"$(inherited)",
				);
				GCC_PREPROCESSOR_DEFINITIONS = (
					"DEBUG=1",
					"$(inherited)",
				);
				INFOPLIST_FILE = "AudioHack iOS ElementsTests/Info.plist";
				LD_RUNPATH_SEARCH_PATHS = "$(inherited) @executable_path/Frameworks @loader_path/Frameworks";
				PRODUCT_NAME = "$(TARGET_NAME)";
				TEST_HOST = "$(BUILT_PRODUCTS_DIR)/AudioHack iOS Elements.app/AudioHack iOS Elements";
			};
			name = Debug;
		};
		D323B1AB1BA8C09400AEEA5D /* Release */ = {
			isa = XCBuildConfiguration;
			baseConfigurationReference = 40F81F0A18B722C574E77E06 /* Pods-AudioHack iOS ElementsTests.release.xcconfig */;
			buildSettings = {
				BUNDLE_LOADER = "$(TEST_HOST)";
				FRAMEWORK_SEARCH_PATHS = (
					"$(SDKROOT)/Developer/Library/Frameworks",
					"$(inherited)",
				);
				INFOPLIST_FILE = "AudioHack iOS ElementsTests/Info.plist";
				LD_RUNPATH_SEARCH_PATHS = "$(inherited) @executable_path/Frameworks @loader_path/Frameworks";
				PRODUCT_NAME = "$(TARGET_NAME)";
				TEST_HOST = "$(BUILT_PRODUCTS_DIR)/AudioHack iOS Elements.app/AudioHack iOS Elements";
			};
			name = Release;
		};
/* End XCBuildConfiguration section */

/* Begin XCConfigurationList section */
		D323B17B1BA8C09400AEEA5D /* Build configuration list for PBXProject "AudioHack iOS Elements" */ = {
			isa = XCConfigurationList;
			buildConfigurations = (
				D323B1A41BA8C09400AEEA5D /* Debug */,
				D323B1A51BA8C09400AEEA5D /* Release */,
			);
			defaultConfigurationIsVisible = 0;
			defaultConfigurationName = Release;
		};
		D323B1A61BA8C09400AEEA5D /* Build configuration list for PBXNativeTarget "AudioHack iOS Elements" */ = {
			isa = XCConfigurationList;
			buildConfigurations = (
				D323B1A71BA8C09400AEEA5D /* Debug */,
				D323B1A81BA8C09400AEEA5D /* Release */,
			);
			defaultConfigurationIsVisible = 0;
			defaultConfigurationName = Release;
		};
		D323B1A91BA8C09400AEEA5D /* Build configuration list for PBXNativeTarget "AudioHack iOS ElementsTests" */ = {
			isa = XCConfigurationList;
			buildConfigurations = (
				D323B1AA1BA8C09400AEEA5D /* Debug */,
				D323B1AB1BA8C09400AEEA5D /* Release */,
			);
			defaultConfigurationIsVisible = 0;
			defaultConfigurationName = Release;
		};
/* End XCConfigurationList section */
	};
	rootObject = D323B1781BA8C09400AEEA5D /* Project object */;
}
